
Microsoft Visual Studio Solution File, Format Version 12.00
# Visual Studio 14
VisualStudioVersion = 14.0.25123.0
MinimumVisualStudioVersion = 10.0.40219.1
Project("{FAE04EC0-301F-11D3-BF4B-00C04F79EFBC}") = "Console.Fibonacci", "Fibonacci\Console.Fibonacci.csproj", "{B765D618-52F8-4E6B-8FF5-17F07E29EA76}"
EndProject
Project("{FAE04EC0-301F-11D3-BF4B-00C04F79EFBC}") = "Business.Fibonacci", "Business\Business.Fibonacci.csproj", "{C1033E66-3548-4D25-BB08-DC55665C001B}"
EndProject
Project("{FAE04EC0-301F-11D3-BF4B-00C04F79EFBC}") = "MVC.Fibonacci", "MVC.Fibonacci\MVC.Fibonacci.csproj", "{9DAC6F82-8283-497A-8E72-A38106272A8B}"
EndProject
Project("{FAE04EC0-301F-11D3-BF4B-00C04F79EFBC}") = "Test.Fobinacci", "Test.Fobinacci\Test.Fobinacci.csproj", "{DE437997-C073-4717-B949-194A6AF3983F}"
EndProject
Global
	GlobalSection(SolutionConfigurationPlatforms) = preSolution
		Debug|Any CPU = Debug|Any CPU
		Release|Any CPU = Release|Any CPU
	EndGlobalSection
	GlobalSection(ProjectConfigurationPlatforms) = postSolution
		{B765D618-52F8-4E6B-8FF5-17F07E29EA76}.Debug|Any CPU.ActiveCfg = Debug|Any CPU
		{B765D618-52F8-4E6B-8FF5-17F07E29EA76}.Debug|Any CPU.Build.0 = Debug|Any CPU
		{B765D618-52F8-4E6B-8FF5-17F07E29EA76}.Release|Any CPU.ActiveCfg = Release|Any CPU
		{B765D618-52F8-4E6B-8FF5-17F07E29EA76}.Release|Any CPU.Build.0 = Release|Any CPU
		{C1033E66-3548-4D25-BB08-DC55665C001B}.Debug|Any CPU.ActiveCfg = Debug|Any CPU
		{C1033E66-3548-4D25-BB08-DC55665C001B}.Debug|Any CPU.Build.0 = Debug|Any CPU
		{C1033E66-3548-4D25-BB08-DC55665C001B}.Release|Any CPU.ActiveCfg = Release|Any CPU
		{C1033E66-3548-4D25-BB08-DC55665C001B}.Release|Any CPU.Build.0 = Release|Any CPU
		{9DAC6F82-8283-497A-8E72-A38106272A8B}.Debug|Any CPU.ActiveCfg = Debug|Any CPU
		{9DAC6F82-8283-497A-8E72-A38106272A8B}.Debug|Any CPU.Build.0 = Debug|Any CPU
		{9DAC6F82-8283-497A-8E72-A38106272A8B}.Release|Any CPU.ActiveCfg = Release|Any CPU
		{9DAC6F82-8283-497A-8E72-A38106272A8B}.Release|Any CPU.Build.0 = Release|Any CPU
		{DE437997-C073-4717-B949-194A6AF3983F}.Debug|Any CPU.ActiveCfg = Debug|Any CPU
		{DE437997-C073-4717-B949-194A6AF3983F}.Debug|Any CPU.Build.0 = Debug|Any CPU
		{DE437997-C073-4717-B949-194A6AF3983F}.Release|Any CPU.ActiveCfg = Release|Any CPU
		{DE437997-C073-4717-B949-194A6AF3983F}.Release|Any CPU.Build.0 = Release|Any CPU
	EndGlobalSection
	GlobalSection(SolutionProperties) = preSolution
		HideSolutionNode = FALSE
	EndGlobalSection
EndGlobal
